
Microsoft Visual Studio Solution File, Format Version 12.00
# Visual Studio Version 16
VisualStudioVersion = 16.0.34031.81
MinimumVisualStudioVersion = 10.0.40219.1
Project("{FAE04EC0-301F-11D3-BF4B-00C04F79EFBC}") = "HtmlHelperDemo", "HtmlHelperDemo.csproj", "{BE8984F0-4FC8-4FA6-B14B-C8EED8653DEE}"
EndProject
Global
	GlobalSection(SolutionConfigurationPlatforms) = preSolution
		Debug|Any CPU = Debug|Any CPU
		Release|Any CPU = Release|Any CPU
	EndGlobalSection
	GlobalSection(ProjectConfigurationPlatforms) = postSolution
		{BE8984F0-4FC8-4FA6-B14B-C8EED8653DEE}.Debug|Any CPU.ActiveCfg = Debug|Any CPU
		{BE8984F0-4FC8-4FA6-B14B-C8EED8653DEE}.Debug|Any CPU.Build.0 = Debug|Any CPU
		{BE8984F0-4FC8-4FA6-B14B-C8EED8653DEE}.Release|Any CPU.ActiveCfg = Release|Any CPU
		{BE8984F0-4FC8-4FA6-B14B-C8EED8653DEE}.Release|Any CPU.Build.0 = Release|Any CPU
	EndGlobalSection
	GlobalSection(SolutionProperties) = preSolution
		HideSolutionNode = FALSE
	EndGlobalSection
	GlobalSection(ExtensibilityGlobals) = postSolution
		SolutionGuid = {FA210DEA-4BE5-4ABB-B899-4E557CBA06B6}
	EndGlobalSection
EndGlobal
